<?xml version="1.0" encoding="utf-8"?>
<Project ToolsVersion="4.0" xmlns="http://schemas.microsoft.com/developer/msbuild/2003">
  <ItemGroup>
    <Filter Include="源文件">
      <UniqueIdentifier>{4FC737F1-C7A5-4376-A066-2A32D752A2FF}</UniqueIdentifier>
      <Extensions>cpp;c;cc;cxx;def;odl;idl;hpj;bat;asm;asmx</Extensions>
    </Filter>
    <Filter Include="头文件">
      <UniqueIdentifier>{93995380-89BD-4b04-88EB-625FBE52EBFB}</UniqueIdentifier>
      <Extensions>h;hh;hpp;hxx;hm;inl;inc;xsd</Extensions>
    </Filter>
    <Filter Include="资源文件">
      <UniqueIdentifier>{67DA6AB6-F800-4c08-8B7A-83BB121AAD01}</UniqueIdentifier>
      <Extensions>rc;ico;cur;bmp;dlg;rc2;rct;bin;rgs;gif;jpg;jpeg;jpe;resx;tiff;tif;png;wav;mfcribbon-ms</Extensions>
    </Filter>
  </ItemGroup>
  <ItemGroup>
    <ClCompile Include="main.cpp">
      <Filter>源文件</Filter>
    </ClCompile>
  </ItemGroup>
  <ItemGroup>
    <ClInclude Include="306.h">
      <Filter>头文件</Filter>
    </ClInclude>
    <ClInclude Include="leetcode.h">
      <Filter>头文件</Filter>
    </ClInclude>
    <ClInclude Include="165.h">
      <Filter>头文件</Filter>
    </ClInclude>
    <ClInclude Include="problems.h">
      <Filter>头文件</Filter>
    </ClInclude>
    <ClInclude Include="1.h">
      <Filter>头文件</Filter>
    </ClInclude>
    <ClInclude Include="2.h">
      <Filter>头文件</Filter>
    </ClInclude>
    <ClInclude Include="3.h">
      <Filter>头文件</Filter>
    </ClInclude>
    <ClInclude Include="4.h">
      <Filter>头文件</Filter>
    </ClInclude>
    <ClInclude Include="5.h">
      <Filter>头文件</Filter>
    </ClInclude>
    <ClInclude Include="6.h">
      <Filter>头文件</Filter>
    </ClInclude>
    <ClInclude Include="504.h">
      <Filter>头文件</Filter>
    </ClInclude>
    <ClInclude Include="513.h">
      <Filter>头文件</Filter>
    </ClInclude>
    <ClInclude Include="515.h">
      <Filter>头文件</Filter>
    </ClInclude>
    <ClInclude Include="493.h">
      <Filter>头文件</Filter>
    </ClInclude>
    <ClInclude Include="7.h">
      <Filter>头文件</Filter>
    </ClInclude>
    <ClInclude Include="8.h">
      <Filter>头文件</Filter>
    </ClInclude>
    <ClInclude Include="9.h">
      <Filter>头文件</Filter>
    </ClInclude>
    <ClInclude Include="10.h">
      <Filter>头文件</Filter>
    </ClInclude>
    <ClInclude Include="11.h">
      <Filter>头文件</Filter>
    </ClInclude>
    <ClInclude Include="14.h">
      <Filter>头文件</Filter>
    </ClInclude>
    <ClInclude Include="15.h">
      <Filter>头文件</Filter>
    </ClInclude>
    <ClInclude Include="16.h">
      <Filter>头文件</Filter>
    </ClInclude>
    <ClInclude Include="17.h">
      <Filter>头文件</Filter>
    </ClInclude>
    <ClInclude Include="18.h">
      <Filter>头文件</Filter>
    </ClInclude>
    <ClInclude Include="24.h">
      <Filter>头文件</Filter>
    </ClInclude>
    <ClInclude Include="496.h">
      <Filter>头文件</Filter>
    </ClInclude>
    <ClInclude Include="506.h">
      <Filter>头文件</Filter>
    </ClInclude>
    <ClInclude Include="503.h">
      <Filter>头文件</Filter>
    </ClInclude>
    <ClInclude Include="500.h">
      <Filter>头文件</Filter>
    </ClInclude>
    <ClInclude Include="508.h">
      <Filter>头文件</Filter>
    </ClInclude>
    <ClInclude Include="502.h">
      <Filter>头文件</Filter>
    </ClInclude>
    <ClInclude Include="19.h">
      <Filter>头文件</Filter>
    </ClInclude>
    <ClInclude Include="20.h">
      <Filter>头文件</Filter>
    </ClInclude>
    <ClInclude Include="392.h">
      <Filter>头文件</Filter>
    </ClInclude>
    <ClInclude Include="393.h">
      <Filter>头文件</Filter>
    </ClInclude>
    <ClInclude Include="394.h">
      <Filter>头文件</Filter>
    </ClInclude>
    <ClInclude Include="395.h">
      <Filter>头文件</Filter>
    </ClInclude>
    <ClInclude Include="307.h">
      <Filter>头文件</Filter>
    </ClInclude>
    <ClInclude Include="520.h">
      <Filter>头文件</Filter>
    </ClInclude>
    <ClInclude Include="526.h">
      <Filter>头文件</Filter>
    </ClInclude>
    <ClInclude Include="525.h">
      <Filter>头文件</Filter>
    </ClInclude>
    <ClInclude Include="517.h">
      <Filter>头文件</Filter>
    </ClInclude>
    <ClInclude Include="21.h">
      <Filter>头文件</Filter>
    </ClInclude>
    <ClInclude Include="22.h">
      <Filter>头文件</Filter>
    </ClInclude>
    <ClInclude Include="23.h">
      <Filter>头文件</Filter>
    </ClInclude>
    <ClInclude Include="25.h">
      <Filter>头文件</Filter>
    </ClInclude>
    <ClInclude Include="26.h">
      <Filter>头文件</Filter>
    </ClInclude>
    <ClInclude Include="27.h">
      <Filter>头文件</Filter>
    </ClInclude>
    <ClInclude Include="68.h">
      <Filter>头文件</Filter>
    </ClInclude>
    <ClInclude Include="31.h">
      <Filter>头文件</Filter>
    </ClInclude>
    <ClInclude Include="87.h">
      <Filter>头文件</Filter>
    </ClInclude>
    <ClInclude Include="35.h">
      <Filter>头文件</Filter>
    </ClInclude>
    <ClInclude Include="36.h">
      <Filter>头文件</Filter>
    </ClInclude>
    <ClInclude Include="37.h">
      <Filter>头文件</Filter>
    </ClInclude>
    <ClInclude Include="33.h">
      <Filter>头文件</Filter>
    </ClInclude>
    <ClInclude Include="34.h">
      <Filter>头文件</Filter>
    </ClInclude>
    <ClInclude Include="55.h">
      <Filter>头文件</Filter>
    </ClInclude>
    <ClInclude Include="355.h">
      <Filter>头文件</Filter>
    </ClInclude>
    <ClInclude Include="530.h">
      <Filter>头文件</Filter>
    </ClInclude>
    <ClInclude Include="523.h">
      <Filter>头文件</Filter>
    </ClInclude>
    <ClInclude Include="524.h">
      <Filter>头文件</Filter>
    </ClInclude>
    <ClInclude Include="529.h">
      <Filter>头文件</Filter>
    </ClInclude>
  </ItemGroup>
</Project>